
Microsoft Visual Studio Solution File, Format Version 12.00
# Visual Studio 2012
Project("{2150E333-8FDC-42A3-9474-1A3956D46DE8}") = "Solution Items", "Solution Items", "{AE067F57-8FCC-43B1-9FFB-537DCE6EFADB}"
	ProjectSection(SolutionItems) = preProject
		.gitignore = .gitignore
		HorusDriverSdk.nuspec = HorusDriverSdk.nuspec
		nuspec.2010.7.xsd = nuspec.2010.7.xsd
		nuspec.2011.8.xsd = nuspec.2011.8.xsd
	EndProjectSection
EndProject
Project("{2150E333-8FDC-42A3-9474-1A3956D46DE8}") = ".nuget", ".nuget", "{BE3E89E8-C76A-496F-8A92-3BC3CEB5E698}"
	ProjectSection(SolutionItems) = preProject
		.nuget\NuGet.Config = .nuget\NuGet.Config
		.nuget\NuGet.exe = .nuget\NuGet.exe
		.nuget\NuGet.targets = .nuget\NuGet.targets
	EndProjectSection
EndProject
Project("{FAE04EC0-301F-11D3-BF4B-00C04F79EFBC}") = "Horus.Model", "Horus.Model\Horus.Model.csproj", "{C8FA1899-1BEB-454F-A30D-21341AC5B52B}"
EndProject
Project("{FAE04EC0-301F-11D3-BF4B-00C04F79EFBC}") = "Horus.Client", "Horus.Client\Horus.Client.csproj", "{ECC64F7D-CB49-4865-BA8E-E3E6A2B0082D}"
EndProject
Project("{FAE04EC0-301F-11D3-BF4B-00C04F79EFBC}") = "HorusClientApp", "HorusClientApp\HorusClientApp.csproj", "{0A63691E-38B1-4F54-AF65-B520A297AFFE}"
EndProject
Project("{FAE04EC0-301F-11D3-BF4B-00C04F79EFBC}") = "SampleCameraDrivers", "SampleCameraDrivers\SampleCameraDrivers.csproj", "{9D51C7C4-24CC-443C-8A25-FFE4058B3FC0}"
EndProject
Project("{FAE04EC0-301F-11D3-BF4B-00C04F79EFBC}") = "Horus.Server", "Horus.Server\Horus.Server.csproj", "{A9447F19-BF1D-4D35-A759-1F9EF40E824C}"
EndProject
Project("{FAE04EC0-301F-11D3-BF4B-00C04F79EFBC}") = "Horus.Configurator", "Horus.Configuration\Horus.Configurator.csproj", "{CAE4878C-610B-4A86-95F6-E81E82435331}"
EndProject
Project("{FAE04EC0-301F-11D3-BF4B-00C04F79EFBC}") = "Horus.Config", "Horus.Config\Horus.Config.csproj", "{854F0B23-EEB8-49B8-9218-B0E86CA132D4}"
EndProject
Global
	GlobalSection(SolutionConfigurationPlatforms) = preSolution
		CodeAnalysis|Any CPU = CodeAnalysis|Any CPU
		CodeAnalysis|Mixed Platforms = CodeAnalysis|Mixed Platforms
		Debug|Any CPU = Debug|Any CPU
		Debug|Mixed Platforms = Debug|Mixed Platforms
		Release|Any CPU = Release|Any CPU
		Release|Mixed Platforms = Release|Mixed Platforms
	EndGlobalSection
	GlobalSection(ProjectConfigurationPlatforms) = postSolution
		{C8FA1899-1BEB-454F-A30D-21341AC5B52B}.CodeAnalysis|Any CPU.ActiveCfg = Release|Any CPU
		{C8FA1899-1BEB-454F-A30D-21341AC5B52B}.CodeAnalysis|Any CPU.Build.0 = Release|Any CPU
		{C8FA1899-1BEB-454F-A30D-21341AC5B52B}.CodeAnalysis|Mixed Platforms.ActiveCfg = Debug|Any CPU
		{C8FA1899-1BEB-454F-A30D-21341AC5B52B}.CodeAnalysis|Mixed Platforms.Build.0 = Debug|Any CPU
		{C8FA1899-1BEB-454F-A30D-21341AC5B52B}.Debug|Any CPU.ActiveCfg = Debug|Any CPU
		{C8FA1899-1BEB-454F-A30D-21341AC5B52B}.Debug|Any CPU.Build.0 = Debug|Any CPU
		{C8FA1899-1BEB-454F-A30D-21341AC5B52B}.Debug|Mixed Platforms.ActiveCfg = Debug|Any CPU
		{C8FA1899-1BEB-454F-A30D-21341AC5B52B}.Debug|Mixed Platforms.Build.0 = Debug|Any CPU
		{C8FA1899-1BEB-454F-A30D-21341AC5B52B}.Release|Any CPU.ActiveCfg = Release|Any CPU
		{C8FA1899-1BEB-454F-A30D-21341AC5B52B}.Release|Any CPU.Build.0 = Release|Any CPU
		{C8FA1899-1BEB-454F-A30D-21341AC5B52B}.Release|Mixed Platforms.ActiveCfg = Release|Any CPU
		{C8FA1899-1BEB-454F-A30D-21341AC5B52B}.Release|Mixed Platforms.Build.0 = Release|Any CPU
		{ECC64F7D-CB49-4865-BA8E-E3E6A2B0082D}.CodeAnalysis|Any CPU.ActiveCfg = Release|Any CPU
		{ECC64F7D-CB49-4865-BA8E-E3E6A2B0082D}.CodeAnalysis|Any CPU.Build.0 = Release|Any CPU
		{ECC64F7D-CB49-4865-BA8E-E3E6A2B0082D}.CodeAnalysis|Mixed Platforms.ActiveCfg = Debug|Any CPU
		{ECC64F7D-CB49-4865-BA8E-E3E6A2B0082D}.CodeAnalysis|Mixed Platforms.Build.0 = Debug|Any CPU
		{ECC64F7D-CB49-4865-BA8E-E3E6A2B0082D}.Debug|Any CPU.ActiveCfg = Debug|Any CPU
		{ECC64F7D-CB49-4865-BA8E-E3E6A2B0082D}.Debug|Any CPU.Build.0 = Debug|Any CPU
		{ECC64F7D-CB49-4865-BA8E-E3E6A2B0082D}.Debug|Mixed Platforms.ActiveCfg = Debug|Any CPU
		{ECC64F7D-CB49-4865-BA8E-E3E6A2B0082D}.Debug|Mixed Platforms.Build.0 = Debug|Any CPU
		{ECC64F7D-CB49-4865-BA8E-E3E6A2B0082D}.Release|Any CPU.ActiveCfg = Release|Any CPU
		{ECC64F7D-CB49-4865-BA8E-E3E6A2B0082D}.Release|Any CPU.Build.0 = Release|Any CPU
		{ECC64F7D-CB49-4865-BA8E-E3E6A2B0082D}.Release|Mixed Platforms.ActiveCfg = Release|Any CPU
		{ECC64F7D-CB49-4865-BA8E-E3E6A2B0082D}.Release|Mixed Platforms.Build.0 = Release|Any CPU
		{0A63691E-38B1-4F54-AF65-B520A297AFFE}.CodeAnalysis|Any CPU.ActiveCfg = Release|Any CPU
		{0A63691E-38B1-4F54-AF65-B520A297AFFE}.CodeAnalysis|Any CPU.Build.0 = Release|Any CPU
		{0A63691E-38B1-4F54-AF65-B520A297AFFE}.CodeAnalysis|Mixed Platforms.ActiveCfg = Debug|Any CPU
		{0A63691E-38B1-4F54-AF65-B520A297AFFE}.CodeAnalysis|Mixed Platforms.Build.0 = Debug|Any CPU
		{0A63691E-38B1-4F54-AF65-B520A297AFFE}.Debug|Any CPU.ActiveCfg = Debug|Any CPU
		{0A63691E-38B1-4F54-AF65-B520A297AFFE}.Debug|Any CPU.Build.0 = Debug|Any CPU
		{0A63691E-38B1-4F54-AF65-B520A297AFFE}.Debug|Mixed Platforms.ActiveCfg = Debug|Any CPU
		{0A63691E-38B1-4F54-AF65-B520A297AFFE}.Debug|Mixed Platforms.Build.0 = Debug|Any CPU
		{0A63691E-38B1-4F54-AF65-B520A297AFFE}.Release|Any CPU.ActiveCfg = Release|Any CPU
		{0A63691E-38B1-4F54-AF65-B520A297AFFE}.Release|Any CPU.Build.0 = Release|Any CPU
		{0A63691E-38B1-4F54-AF65-B520A297AFFE}.Release|Mixed Platforms.ActiveCfg = Release|Any CPU
		{0A63691E-38B1-4F54-AF65-B520A297AFFE}.Release|Mixed Platforms.Build.0 = Release|Any CPU
		{9D51C7C4-24CC-443C-8A25-FFE4058B3FC0}.CodeAnalysis|Any CPU.ActiveCfg = Release|Any CPU
		{9D51C7C4-24CC-443C-8A25-FFE4058B3FC0}.CodeAnalysis|Any CPU.Build.0 = Release|Any CPU
		{9D51C7C4-24CC-443C-8A25-FFE4058B3FC0}.CodeAnalysis|Mixed Platforms.ActiveCfg = Debug|Any CPU
		{9D51C7C4-24CC-443C-8A25-FFE4058B3FC0}.CodeAnalysis|Mixed Platforms.Build.0 = Debug|Any CPU
		{9D51C7C4-24CC-443C-8A25-FFE4058B3FC0}.Debug|Any CPU.ActiveCfg = Debug|Any CPU
		{9D51C7C4-24CC-443C-8A25-FFE4058B3FC0}.Debug|Any CPU.Build.0 = Debug|Any CPU
		{9D51C7C4-24CC-443C-8A25-FFE4058B3FC0}.Debug|Mixed Platforms.ActiveCfg = Debug|Any CPU
		{9D51C7C4-24CC-443C-8A25-FFE4058B3FC0}.Debug|Mixed Platforms.Build.0 = Debug|Any CPU
		{9D51C7C4-24CC-443C-8A25-FFE4058B3FC0}.Release|Any CPU.ActiveCfg = Release|Any CPU
		{9D51C7C4-24CC-443C-8A25-FFE4058B3FC0}.Release|Any CPU.Build.0 = Release|Any CPU
		{9D51C7C4-24CC-443C-8A25-FFE4058B3FC0}.Release|Mixed Platforms.ActiveCfg = Release|Any CPU
		{9D51C7C4-24CC-443C-8A25-FFE4058B3FC0}.Release|Mixed Platforms.Build.0 = Release|Any CPU
		{A9447F19-BF1D-4D35-A759-1F9EF40E824C}.CodeAnalysis|Any CPU.ActiveCfg = Release|x86
		{A9447F19-BF1D-4D35-A759-1F9EF40E824C}.CodeAnalysis|Mixed Platforms.ActiveCfg = Debug|x86
		{A9447F19-BF1D-4D35-A759-1F9EF40E824C}.CodeAnalysis|Mixed Platforms.Build.0 = Debug|x86
		{A9447F19-BF1D-4D35-A759-1F9EF40E824C}.Debug|Any CPU.ActiveCfg = Debug|x86
		{A9447F19-BF1D-4D35-A759-1F9EF40E824C}.Debug|Mixed Platforms.ActiveCfg = Debug|x86
		{A9447F19-BF1D-4D35-A759-1F9EF40E824C}.Debug|Mixed Platforms.Build.0 = Debug|x86
		{A9447F19-BF1D-4D35-A759-1F9EF40E824C}.Release|Any CPU.ActiveCfg = Release|x86
		{A9447F19-BF1D-4D35-A759-1F9EF40E824C}.Release|Mixed Platforms.ActiveCfg = Release|x86
		{A9447F19-BF1D-4D35-A759-1F9EF40E824C}.Release|Mixed Platforms.Build.0 = Release|x86
		{CAE4878C-610B-4A86-95F6-E81E82435331}.CodeAnalysis|Any CPU.ActiveCfg = Release|Any CPU
		{CAE4878C-610B-4A86-95F6-E81E82435331}.CodeAnalysis|Any CPU.Build.0 = Release|Any CPU
		{CAE4878C-610B-4A86-95F6-E81E82435331}.CodeAnalysis|Mixed Platforms.ActiveCfg = Debug|Any CPU
		{CAE4878C-610B-4A86-95F6-E81E82435331}.CodeAnalysis|Mixed Platforms.Build.0 = Debug|Any CPU
		{CAE4878C-610B-4A86-95F6-E81E82435331}.Debug|Any CPU.ActiveCfg = Debug|Any CPU
		{CAE4878C-610B-4A86-95F6-E81E82435331}.Debug|Any CPU.Build.0 = Debug|Any CPU
		{CAE4878C-610B-4A86-95F6-E81E82435331}.Debug|Mixed Platforms.ActiveCfg = Debug|Any CPU
		{CAE4878C-610B-4A86-95F6-E81E82435331}.Debug|Mixed Platforms.Build.0 = Debug|Any CPU
		{CAE4878C-610B-4A86-95F6-E81E82435331}.Release|Any CPU.ActiveCfg = Release|Any CPU
		{CAE4878C-610B-4A86-95F6-E81E82435331}.Release|Any CPU.Build.0 = Release|Any CPU
		{CAE4878C-610B-4A86-95F6-E81E82435331}.Release|Mixed Platforms.ActiveCfg = Release|Any CPU
		{CAE4878C-610B-4A86-95F6-E81E82435331}.Release|Mixed Platforms.Build.0 = Release|Any CPU
		{854F0B23-EEB8-49B8-9218-B0E86CA132D4}.CodeAnalysis|Any CPU.ActiveCfg = Release|Any CPU
		{854F0B23-EEB8-49B8-9218-B0E86CA132D4}.CodeAnalysis|Any CPU.Build.0 = Release|Any CPU
		{854F0B23-EEB8-49B8-9218-B0E86CA132D4}.CodeAnalysis|Mixed Platforms.ActiveCfg = Debug|Any CPU
		{854F0B23-EEB8-49B8-9218-B0E86CA132D4}.CodeAnalysis|Mixed Platforms.Build.0 = Debug|Any CPU
		{854F0B23-EEB8-49B8-9218-B0E86CA132D4}.Debug|Any CPU.ActiveCfg = Debug|Any CPU
		{854F0B23-EEB8-49B8-9218-B0E86CA132D4}.Debug|Any CPU.Build.0 = Debug|Any CPU
		{854F0B23-EEB8-49B8-9218-B0E86CA132D4}.Debug|Mixed Platforms.ActiveCfg = Debug|Any CPU
		{854F0B23-EEB8-49B8-9218-B0E86CA132D4}.Debug|Mixed Platforms.Build.0 = Debug|Any CPU
		{854F0B23-EEB8-49B8-9218-B0E86CA132D4}.Release|Any CPU.ActiveCfg = Release|Any CPU
		{854F0B23-EEB8-49B8-9218-B0E86CA132D4}.Release|Any CPU.Build.0 = Release|Any CPU
		{854F0B23-EEB8-49B8-9218-B0E86CA132D4}.Release|Mixed Platforms.ActiveCfg = Release|Any CPU
		{854F0B23-EEB8-49B8-9218-B0E86CA132D4}.Release|Mixed Platforms.Build.0 = Release|Any CPU
	EndGlobalSection
	GlobalSection(SolutionProperties) = preSolution
		HideSolutionNode = FALSE
	EndGlobalSection
EndGlobal
